schema: '2.0'
stages:
  data_cleanup:
    cmd: python src/stages/data_cleanup.py --config=params.yaml
    deps:
    - path: data/interim/Algerian_forest_fires_dataset_UPDATE_RegionAdd.csv
      hash: md5
      md5: dc4733640124d3065da11677953a0703
      size: 17311
    params:
      params.yaml:
        base:
          random_state: 42
          log_level: INFO
    outs:
    - path: data/processed/Algerian_forest_fires_dataset_clean.csv
      hash: md5
      md5: 6445fabc896e1f8247225eebf4c0c10c
      size: 18271
  load_data:
    cmd: python src/load_data.py --config=params.yaml
    deps:
    - path: data/raw/Algerian_forest_fires_dataset_UPDATE_RegionAdd.csv
      hash: md5
      md5: dc4733640124d3065da11677953a0703
      size: 17311
    - path: src/load_data.py
      hash: md5
      md5: bc1d739be5de74a9a32e1cf55b2af4db
      size: 605
    params:
      params.yaml:
        data_load:
          in: data/raw/Algerian_forest_fires_dataset_UPDATE_RegionAdd.csv
          out: data/interim/input_forest_fires.csv
    outs:
    - path: data/interim/input_forest_fires.csv
      hash: md5
      md5: ab355c9c12442003c38d3964553a6010
      size: 17488
  preprocess_data:
    cmd: python src/preprocess_data.py --config=params.yaml
    deps:
    - path: data/interim/input_forest_fires.csv
      hash: md5
      md5: ab355c9c12442003c38d3964553a6010
      size: 17488
    - path: src/preprocess_data.py
      hash: md5
      md5: c9077b1f895bd8af0a646a0a37057748
      size: 3383
    params:
      params.yaml:
        data_preproc:
          in: data/interim/input_forest_fires.csv
          out_X_train: data/processed/X_train.csv
          out_X_test: data/processed/X_test.csv
          out_y_train: data/processed/y_train.csv
          out_y_test: data/processed/y_test.csv
    outs:
    - path: data/processed/X_test.csv
      hash: md5
      md5: 44c12e80d0d256b19e2960ad5220fcaa
      size: 6267
    - path: data/processed/X_train.csv
      hash: md5
      md5: 8a1e51ac6fe025f832a46efed7f520da
      size: 24692
    - path: data/processed/y_test.csv
      hash: md5
      md5: 8fb2b7f01a6efffb34dc0004431fd979
      size: 391
    - path: data/processed/y_train.csv
      hash: md5
      md5: ccb752c1afdf4ecf9f6a103724baa717
      size: 1509
  train_lr:
    cmd: python src/train_lr.py --config=params.yaml
    deps:
    - path: data/processed/X_train.csv
      hash: md5
      md5: 8a1e51ac6fe025f832a46efed7f520da
      size: 24692
    - path: data/processed/y_train.csv
      hash: md5
      md5: ccb752c1afdf4ecf9f6a103724baa717
      size: 1509
    - path: src/train_lr.py
      hash: md5
      md5: 5fcdfc44d28c6359361b3ed10b6e1008
      size: 1216
    params:
      params.yaml:
        train_lr:
          in_X_train: data/processed/X_train.csv
          in_y_train: data/processed/y_train.csv
          model_LR:
            penalty: l2
            C: 100
            solver: liblinear
            max_iter: 1000
            random_state: 55
            out: models/modelLR.pkl
    outs:
    - path: models/modelLR.pkl
      hash: md5
      md5: 33cb09b8bdbe8795eadd7d3fc19c3fa5
      size: 859
  evaluate_model:
    cmd: python src/evaluate_model.py --config=params.yaml
    deps:
    - path: data/processed/X_test.csv
      hash: md5
      md5: 44c12e80d0d256b19e2960ad5220fcaa
      size: 6267
    - path: data/processed/X_train.csv
      hash: md5
      md5: 8a1e51ac6fe025f832a46efed7f520da
      size: 24692
    - path: data/processed/y_test.csv
      hash: md5
      md5: 8fb2b7f01a6efffb34dc0004431fd979
      size: 391
    - path: data/processed/y_train.csv
      hash: md5
      md5: ccb752c1afdf4ecf9f6a103724baa717
      size: 1509
    - path: models/modelLR.pkl
      hash: md5
      md5: 33cb09b8bdbe8795eadd7d3fc19c3fa5
      size: 859
    - path: src/evaluate_model.py
      hash: md5
      md5: 6907de1475b42ed095165914a30cb6fb
      size: 1564
