schema: '2.0'
stages:
  load_data:
    cmd: python src/stages/load_data.py --config=params.yaml
    deps:
    - path: data/raw/Algerian_forest_fires_dataset_UPDATE_RegionAdd.csv
      hash: md5
      md5: 848fd16e9a21dfff1e36f20925ada219
      size: 20977
    - path: src/stages/load_data.py
      hash: md5
      md5: cfd114b0675fe2481d03e2c5c4290cad
      size: 956
    params:
      params.yaml:
        data_load:
          in: data/raw/Algerian_forest_fires_dataset_UPDATE_RegionAdd.csv
          out: data/interim/input_forest_fires.csv
          repo: https://github.com/A01794892-tec-mx/MLOpsEq21.git
    outs:
    - path: data/interim/input_forest_fires.csv
      hash: md5
      md5: 97aaa67d46399fff9e72b85576fe46db
      size: 21152
  preprocess_data:
    cmd: python src/stages/preprocess_data.py --config=params.yaml
    deps:
    - path: data/interim/input_forest_fires.csv
      hash: md5
      md5: 97aaa67d46399fff9e72b85576fe46db
      size: 21152
    - path: src/stages/preprocess_data.py
      hash: md5
      md5: c9077b1f895bd8af0a646a0a37057748
      size: 3383
    params:
      params.yaml:
        data_preproc:
          in: data/interim/input_forest_fires.csv
          out_X_train: data/processed/X_train.csv
          out_X_test: data/processed/X_test.csv
          out_y_train: data/processed/y_train.csv
          out_y_test: data/processed/y_test.csv
    outs:
    - path: data/processed/X_test.csv
      hash: md5
      md5: 44c12e80d0d256b19e2960ad5220fcaa
      size: 6267
    - path: data/processed/X_train.csv
      hash: md5
      md5: 8a1e51ac6fe025f832a46efed7f520da
      size: 24692
    - path: data/processed/y_test.csv
      hash: md5
      md5: 8fb2b7f01a6efffb34dc0004431fd979
      size: 391
    - path: data/processed/y_train.csv
      hash: md5
      md5: ccb752c1afdf4ecf9f6a103724baa717
      size: 1509
  train_lr:
    cmd: python src/stages/train_lr.py --config=params.yaml
    deps:
    - path: data/processed/X_train.csv
      hash: md5
      md5: 8a1e51ac6fe025f832a46efed7f520da
      size: 24692
    - path: data/processed/y_train.csv
      hash: md5
      md5: ccb752c1afdf4ecf9f6a103724baa717
      size: 1509
    - path: src/stages/train_lr.py
      hash: md5
      md5: b63a740326eda31104b4ef85e3b19ae9
      size: 1967
    params:
      params.yaml:
        train_lr:
          in_X_train: data/processed/X_train.csv
          in_y_train: data/processed/y_train.csv
          model_LR:
            modelName: modelLR
            penalty: l1
            C: 10
            solver: liblinear
            max_iter: 1000
            random_state: 52
          out: models
    outs:
    - path: models
      hash: md5
      md5: e472d92096b1ecce546b3303e6d92bf9.dir
      size: 859
      nfiles: 1
  evaluate_model:
    cmd: python src/stages/evaluate_model.py --config=params.yaml
    deps:
    - path: data/processed/X_test.csv
      hash: md5
      md5: 44c12e80d0d256b19e2960ad5220fcaa
      size: 6267
    - path: data/processed/X_train.csv
      hash: md5
      md5: 8a1e51ac6fe025f832a46efed7f520da
      size: 24692
    - path: data/processed/y_test.csv
      hash: md5
      md5: 8fb2b7f01a6efffb34dc0004431fd979
      size: 391
    - path: data/processed/y_train.csv
      hash: md5
      md5: ccb752c1afdf4ecf9f6a103724baa717
      size: 1509
    - path: models
      hash: md5
      md5: e472d92096b1ecce546b3303e6d92bf9.dir
      size: 859
      nfiles: 1
    - path: src/stages/evaluate_model.py
      hash: md5
      md5: 3c1f9c78b1cd49f8e830cc749d5c5a45
      size: 2560
    outs:
    - path: reports
      hash: md5
      md5: a7219ad725be2c4967e767292a94331b.dir
      size: 1104
      nfiles: 1
